# This file is automatically @generated by Cargo.
# It is not intended for manual editing.
#
# ca-sandbox rust fixture lockfile (AC-07). Committed so the dephash hashes a
# pinned, reproducible dependency set. Std-only fixture => the only locked package
# is the crate itself.
version = 3

[[package]]
name = "ca-sbx-fixture-rust"
version = "1.0.0"
